
Microsoft Visual Studio Solution File, Format Version 12.00
# Visual Studio 15
VisualStudioVersion = 15.0.28307.572
MinimumVisualStudioVersion = 10.0.40219.1
Project("{FAE04EC0-301F-11D3-BF4B-00C04F79EFBC}") = "crud_mvc_entityF", "crud_mvc_entityF\crud_mvc_entityF.csproj", "{59961C15-2CC2-4FC7-86A2-DA4BF878DDFA}"
EndProject
Global
	GlobalSection(SolutionConfigurationPlatforms) = preSolution
		Debug|Any CPU = Debug|Any CPU
		Release|Any CPU = Release|Any CPU
	EndGlobalSection
	GlobalSection(ProjectConfigurationPlatforms) = postSolution
		{59961C15-2CC2-4FC7-86A2-DA4BF878DDFA}.Debug|Any CPU.ActiveCfg = Debug|Any CPU
		{59961C15-2CC2-4FC7-86A2-DA4BF878DDFA}.Debug|Any CPU.Build.0 = Debug|Any CPU
		{59961C15-2CC2-4FC7-86A2-DA4BF878DDFA}.Release|Any CPU.ActiveCfg = Release|Any CPU
		{59961C15-2CC2-4FC7-86A2-DA4BF878DDFA}.Release|Any CPU.Build.0 = Release|Any CPU
	EndGlobalSection
	GlobalSection(SolutionProperties) = preSolution
		HideSolutionNode = FALSE
	EndGlobalSection
	GlobalSection(ExtensibilityGlobals) = postSolution
		SolutionGuid = {3D985B64-4EC8-46F9-863F-5184C3A9EC50}
	EndGlobalSection
EndGlobal
