
Microsoft Visual Studio Solution File, Format Version 12.00
# Visual Studio 15
VisualStudioVersion = 15.0.28307.271
MinimumVisualStudioVersion = 10.0.40219.1
Project("{FAE04EC0-301F-11D3-BF4B-00C04F79EFBC}") = "APIP2", "APIP2\APIP2.csproj", "{79A3F2C7-E6D9-47FB-9DE5-51025A8EB2D3}"
EndProject
Global
	GlobalSection(SolutionConfigurationPlatforms) = preSolution
		Debug|Any CPU = Debug|Any CPU
		Release|Any CPU = Release|Any CPU
	EndGlobalSection
	GlobalSection(ProjectConfigurationPlatforms) = postSolution
		{79A3F2C7-E6D9-47FB-9DE5-51025A8EB2D3}.Debug|Any CPU.ActiveCfg = Debug|Any CPU
		{79A3F2C7-E6D9-47FB-9DE5-51025A8EB2D3}.Debug|Any CPU.Build.0 = Debug|Any CPU
		{79A3F2C7-E6D9-47FB-9DE5-51025A8EB2D3}.Release|Any CPU.ActiveCfg = Release|Any CPU
		{79A3F2C7-E6D9-47FB-9DE5-51025A8EB2D3}.Release|Any CPU.Build.0 = Release|Any CPU
	EndGlobalSection
	GlobalSection(SolutionProperties) = preSolution
		HideSolutionNode = FALSE
	EndGlobalSection
	GlobalSection(ExtensibilityGlobals) = postSolution
		SolutionGuid = {03798649-F148-4E8D-80C9-5A1D9D2EA03F}
	EndGlobalSection
EndGlobal
