
Microsoft Visual Studio Solution File, Format Version 12.00
# Visual Studio 15
VisualStudioVersion = 15.0.28307.271
MinimumVisualStudioVersion = 10.0.40219.1
Project("{FAE04EC0-301F-11D3-BF4B-00C04F79EFBC}") = "Aula2", "Aula2\Aula2.csproj", "{BB40D070-BB6F-41D5-B34A-100030F74EBA}"
EndProject
Global
	GlobalSection(SolutionConfigurationPlatforms) = preSolution
		Debug|Any CPU = Debug|Any CPU
		Release|Any CPU = Release|Any CPU
	EndGlobalSection
	GlobalSection(ProjectConfigurationPlatforms) = postSolution
		{BB40D070-BB6F-41D5-B34A-100030F74EBA}.Debug|Any CPU.ActiveCfg = Debug|Any CPU
		{BB40D070-BB6F-41D5-B34A-100030F74EBA}.Debug|Any CPU.Build.0 = Debug|Any CPU
		{BB40D070-BB6F-41D5-B34A-100030F74EBA}.Release|Any CPU.ActiveCfg = Release|Any CPU
		{BB40D070-BB6F-41D5-B34A-100030F74EBA}.Release|Any CPU.Build.0 = Release|Any CPU
	EndGlobalSection
	GlobalSection(SolutionProperties) = preSolution
		HideSolutionNode = FALSE
	EndGlobalSection
	GlobalSection(ExtensibilityGlobals) = postSolution
		SolutionGuid = {A632BB03-8055-44E2-96E0-75E8966F435A}
	EndGlobalSection
EndGlobal
